
Microsoft Visual Studio Solution File, Format Version 12.00
# Visual Studio Version 17
VisualStudioVersion = 17.4.33213.308
MinimumVisualStudioVersion = 10.0.40219.1
Project("{9A19103F-16F7-4668-BE54-9A1E7A4F7556}") = "01_Ado_net-intro_connected_mode", "01_Ado_net-intro_connected_mode\01_Ado_net-intro_connected_mode.csproj", "{7D271F3A-9EF0-4E02-8476-F08E3DE199AE}"
EndProject
Project("{FAE04EC0-301F-11D3-BF4B-00C04F79EFBC}") = "02_params", "02_params\02_params.csproj", "{10F47383-9160-4AAE-93BC-93B414F32E06}"
EndProject
Project("{FAE04EC0-301F-11D3-BF4B-00C04F79EFBC}") = "03_Data_Access_layer", "03_Data_Access_layer\03_Data_Access_layer.csproj", "{9FA734B9-739C-4AB4-9DDA-5A531E925525}"
EndProject
Global
	GlobalSection(SolutionConfigurationPlatforms) = preSolution
		Debug|Any CPU = Debug|Any CPU
		Release|Any CPU = Release|Any CPU
	EndGlobalSection
	GlobalSection(ProjectConfigurationPlatforms) = postSolution
		{7D271F3A-9EF0-4E02-8476-F08E3DE199AE}.Debug|Any CPU.ActiveCfg = Debug|Any CPU
		{7D271F3A-9EF0-4E02-8476-F08E3DE199AE}.Debug|Any CPU.Build.0 = Debug|Any CPU
		{7D271F3A-9EF0-4E02-8476-F08E3DE199AE}.Release|Any CPU.ActiveCfg = Release|Any CPU
		{7D271F3A-9EF0-4E02-8476-F08E3DE199AE}.Release|Any CPU.Build.0 = Release|Any CPU
		{10F47383-9160-4AAE-93BC-93B414F32E06}.Debug|Any CPU.ActiveCfg = Debug|Any CPU
		{10F47383-9160-4AAE-93BC-93B414F32E06}.Debug|Any CPU.Build.0 = Debug|Any CPU
		{10F47383-9160-4AAE-93BC-93B414F32E06}.Release|Any CPU.ActiveCfg = Release|Any CPU
		{10F47383-9160-4AAE-93BC-93B414F32E06}.Release|Any CPU.Build.0 = Release|Any CPU
		{9FA734B9-739C-4AB4-9DDA-5A531E925525}.Debug|Any CPU.ActiveCfg = Debug|Any CPU
		{9FA734B9-739C-4AB4-9DDA-5A531E925525}.Debug|Any CPU.Build.0 = Debug|Any CPU
		{9FA734B9-739C-4AB4-9DDA-5A531E925525}.Release|Any CPU.ActiveCfg = Release|Any CPU
		{9FA734B9-739C-4AB4-9DDA-5A531E925525}.Release|Any CPU.Build.0 = Release|Any CPU
	EndGlobalSection
	GlobalSection(SolutionProperties) = preSolution
		HideSolutionNode = FALSE
	EndGlobalSection
	GlobalSection(ExtensibilityGlobals) = postSolution
		SolutionGuid = {3F1C4933-D673-495B-BBF8-A8DDE67E01D9}
	EndGlobalSection
EndGlobal
